// !$*UTF8*$!
{
	archiveVersion = 1;
	classes = {
	};
	objectVersion = 46;
	objects = {

/* Begin PBXAggregateTarget section */
		29D74CC6A5952CA725C2DB98 /* ZERO_CHECK */ = {
			isa = PBXAggregateTarget;
			buildConfigurationList = 28981820A0994F43AF3837C9 /* Build configuration list for PBXAggregateTarget "ZERO_CHECK" */;
			buildPhases = (
				5FFE6D4DA78331811A2A416E /* Generate CMakeFiles/ZERO_CHECK */,
			);
			dependencies = (
			);
			name = ZERO_CHECK;
			productName = ZERO_CHECK;
		};
		F1E482A5BD8FEAD1438E32DE /* ALL_BUILD */ = {
			isa = PBXAggregateTarget;
			buildConfigurationList = 6BD844A9F08E4857BEDEA1B8 /* Build configuration list for PBXAggregateTarget "ALL_BUILD" */;
			buildPhases = (
				13F6E312CDB9924285B3B4A1 /* Generate CMakeFiles/ALL_BUILD */,
			);
			dependencies = (
				ABC1D740A77746BAB06FA665 /* PBXTargetDependency */,
				5EDF7E960ABA41DD8B093F99 /* PBXTargetDependency */,
			);
			name = ALL_BUILD;
			productName = ALL_BUILD;
		};
/* End PBXAggregateTarget section */

/* Begin PBXBuildFile section */
		3341F4C5CE5341929DC77E1F /* /Users/mm/Code_Projects/DataStructures-Interview-Prep/DataStructures-Interview-Prep/src/linear/LinkedList/LinkedList.cpp */ = {isa = PBXBuildFile; fileRef = 8689955427A2452CAF2AD374 /* /Users/mm/Code_Projects/DataStructures-Interview-Prep/DataStructures-Interview-Prep/src/linear/LinkedList/LinkedList.cpp */; };
		A96FA6B3A9284665B680E3BC /* /Users/mm/Code_Projects/DataStructures-Interview-Prep/DataStructures-Interview-Prep/CMakeLists.txt */ = {isa = PBXBuildFile; fileRef = DB01301A8CEF44B3B0415EE7 /* /Users/mm/Code_Projects/DataStructures-Interview-Prep/DataStructures-Interview-Prep/CMakeLists.txt */; };
		CA8957926C5B4623887E7921 /* /Users/mm/Code_Projects/DataStructures-Interview-Prep/DataStructures-Interview-Prep/Playground/test-LinkedList.cpp */ = {isa = PBXBuildFile; fileRef = F606C02B7A2E458D87068F9C /* /Users/mm/Code_Projects/DataStructures-Interview-Prep/DataStructures-Interview-Prep/Playground/test-LinkedList.cpp */; };
		F205D83C1ABC4BD6BD7AE790 /* /Users/mm/Code_Projects/DataStructures-Interview-Prep/DataStructures-Interview-Prep/src/linear/LinkedList/Node.cpp */ = {isa = PBXBuildFile; fileRef = AA14AA13879E48518B93EC47 /* /Users/mm/Code_Projects/DataStructures-Interview-Prep/DataStructures-Interview-Prep/src/linear/LinkedList/Node.cpp */; };
/* End PBXBuildFile section */

/* Begin PBXBuildStyle section */
		03BE65A1C06944D5865F7D9D /* Release */ = {
			isa = PBXBuildStyle;
			buildSettings = {
				COPY_PHASE_STRIP = NO;
			};
			name = Release;
		};
		29B660D1FE864B3096274429 /* MinSizeRel */ = {
			isa = PBXBuildStyle;
			buildSettings = {
				COPY_PHASE_STRIP = NO;
			};
			name = MinSizeRel;
		};
		6D7BBC341C70427DA7A6422A /* RelWithDebInfo */ = {
			isa = PBXBuildStyle;
			buildSettings = {
				COPY_PHASE_STRIP = NO;
			};
			name = RelWithDebInfo;
		};
		D8A33EF920D046A79403E1B7 /* Debug */ = {
			isa = PBXBuildStyle;
			buildSettings = {
				COPY_PHASE_STRIP = NO;
			};
			name = Debug;
		};
/* End PBXBuildStyle section */

/* Begin PBXContainerItemProxy section */
		268FC8A07E0847B0B211AC85 /* PBXContainerItemProxy */ = {
			isa = PBXContainerItemProxy;
			containerPortal = D36F0251DB92490EA396FFFE /* Project object */;
			proxyType = 1;
			remoteGlobalIDString = 29D74CC6A5952CA725C2DB98;
			remoteInfo = ZERO_CHECK;
		};
		85C617EE736741B1ADB7D040 /* PBXContainerItemProxy */ = {
			isa = PBXContainerItemProxy;
			containerPortal = D36F0251DB92490EA396FFFE /* Project object */;
			proxyType = 1;
			remoteGlobalIDString = 2F2AFC1346C72F48B53110EF;
			remoteInfo = "test-LinkedList";
		};
		E610B0B1D15042E5B6139D4D /* PBXContainerItemProxy */ = {
			isa = PBXContainerItemProxy;
			containerPortal = D36F0251DB92490EA396FFFE /* Project object */;
			proxyType = 1;
			remoteGlobalIDString = 29D74CC6A5952CA725C2DB98;
			remoteInfo = ZERO_CHECK;
		};
/* End PBXContainerItemProxy section */

/* Begin PBXFileReference section */
		241050C8A0A641BB8847AB22 /* /Users/mm/Code_Projects/DataStructures-Interview-Prep/DataStructures-Interview-Prep/CMakeLists.txt */ = {isa = PBXFileReference; explicitFileType = sourcecode.text; fileEncoding = 4; name = CMakeLists.txt; path = CMakeLists.txt; sourceTree = SOURCE_ROOT; };
		83229956B170478FB6B15005 /* test-LinkedList */ = {isa = PBXFileReference; explicitFileType = "compiled.mach-o.executable"; path = "test-LinkedList"; sourceTree = BUILT_PRODUCTS_DIR; };
		8689955427A2452CAF2AD374 /* /Users/mm/Code_Projects/DataStructures-Interview-Prep/DataStructures-Interview-Prep/src/linear/LinkedList/LinkedList.cpp */ = {isa = PBXFileReference; explicitFileType = sourcecode.cpp.cpp; fileEncoding = 4; name = LinkedList.cpp; path = src/linear/LinkedList/LinkedList.cpp; sourceTree = SOURCE_ROOT; };
		AA14AA13879E48518B93EC47 /* /Users/mm/Code_Projects/DataStructures-Interview-Prep/DataStructures-Interview-Prep/src/linear/LinkedList/Node.cpp */ = {isa = PBXFileReference; explicitFileType = sourcecode.cpp.cpp; fileEncoding = 4; name = Node.cpp; path = src/linear/LinkedList/Node.cpp; sourceTree = SOURCE_ROOT; };
		DB01301A8CEF44B3B0415EE7 /* /Users/mm/Code_Projects/DataStructures-Interview-Prep/DataStructures-Interview-Prep/CMakeLists.txt */ = {isa = PBXFileReference; explicitFileType = sourcecode.text; fileEncoding = 4; name = CMakeLists.txt; path = CMakeLists.txt; sourceTree = SOURCE_ROOT; };
		F606C02B7A2E458D87068F9C /* /Users/mm/Code_Projects/DataStructures-Interview-Prep/DataStructures-Interview-Prep/Playground/test-LinkedList.cpp */ = {isa = PBXFileReference; explicitFileType = sourcecode.cpp.cpp; fileEncoding = 4; name = "test-LinkedList.cpp"; path = "Playground/test-LinkedList.cpp"; sourceTree = SOURCE_ROOT; };
/* End PBXFileReference section */

/* Begin PBXFrameworksBuildPhase section */
		D6550A4801CF4821BCDD431F /* Frameworks */ = {
			isa = PBXFrameworksBuildPhase;
			buildActionMask = 2147483647;
			files = (
			);
			runOnlyForDeploymentPostprocessing = 0;
		};
/* End PBXFrameworksBuildPhase section */

/* Begin PBXGroup section */
		1E32BF43CF9144599798D73B /* ALL_BUILD */ = {
			isa = PBXGroup;
			children = (
				AE5440A0C4DE4EB5BFC0AD51 /* CMake Rules */,
				241050C8A0A641BB8847AB22 /* /Users/mm/Code_Projects/DataStructures-Interview-Prep/DataStructures-Interview-Prep/CMakeLists.txt */,
			);
			name = ALL_BUILD;
			sourceTree = "<group>";
		};
		20DB7EAFA10649ABAAF12544 /* test-LinkedList */ = {
			isa = PBXGroup;
			children = (
				81BE359ADCC246D78CECDBFC /* Source Files */,
				DB01301A8CEF44B3B0415EE7 /* /Users/mm/Code_Projects/DataStructures-Interview-Prep/DataStructures-Interview-Prep/CMakeLists.txt */,
			);
			name = "test-LinkedList";
			sourceTree = "<group>";
		};
		48526F3842CB47309E78A448 /* Frameworks */ = {
			isa = PBXGroup;
			children = (
			);
			name = Frameworks;
			sourceTree = "<group>";
		};
		81BE359ADCC246D78CECDBFC /* Source Files */ = {
			isa = PBXGroup;
			children = (
				F606C02B7A2E458D87068F9C /* /Users/mm/Code_Projects/DataStructures-Interview-Prep/DataStructures-Interview-Prep/Playground/test-LinkedList.cpp */,
				8689955427A2452CAF2AD374 /* /Users/mm/Code_Projects/DataStructures-Interview-Prep/DataStructures-Interview-Prep/src/linear/LinkedList/LinkedList.cpp */,
				AA14AA13879E48518B93EC47 /* /Users/mm/Code_Projects/DataStructures-Interview-Prep/DataStructures-Interview-Prep/src/linear/LinkedList/Node.cpp */,
			);
			name = "Source Files";
			sourceTree = "<group>";
		};
		8C1304514F02442EB8A352BB /* Resources */ = {
			isa = PBXGroup;
			children = (
			);
			name = Resources;
			sourceTree = "<group>";
		};
		AE5440A0C4DE4EB5BFC0AD51 /* CMake Rules */ = {
			isa = PBXGroup;
			children = (
			);
			name = "CMake Rules";
			sourceTree = "<group>";
		};
		C5AC97BCA2F04FFD988AFC25 /* Products */ = {
			isa = PBXGroup;
			children = (
				83229956B170478FB6B15005 /* test-LinkedList */,
			);
			name = Products;
			sourceTree = "<group>";
		};
		D510F28D20FF4239B2F76B05 = {
			isa = PBXGroup;
			children = (
				20DB7EAFA10649ABAAF12544 /* test-LinkedList */,
				1E32BF43CF9144599798D73B /* ALL_BUILD */,
				C5AC97BCA2F04FFD988AFC25 /* Products */,
				48526F3842CB47309E78A448 /* Frameworks */,
				8C1304514F02442EB8A352BB /* Resources */,
			);
			sourceTree = "<group>";
		};
/* End PBXGroup section */

/* Begin PBXNativeTarget section */
		2F2AFC1346C72F48B53110EF /* test-LinkedList */ = {
			isa = PBXNativeTarget;
			buildConfigurationList = C9CD5B30790D42D08388DDF6 /* Build configuration list for PBXNativeTarget "test-LinkedList" */;
			buildPhases = (
				2AB81A753E964001B3D23BBD /* Sources */,
				D6550A4801CF4821BCDD431F /* Frameworks */,
			);
			buildRules = (
			);
			dependencies = (
				D229D77B632E4681A18BFE36 /* PBXTargetDependency */,
			);
			name = "test-LinkedList";
			productName = "test-LinkedList";
			productReference = 83229956B170478FB6B15005 /* test-LinkedList */;
			productType = "com.apple.product-type.tool";
		};
/* End PBXNativeTarget section */

/* Begin PBXProject section */
		D36F0251DB92490EA396FFFE /* Project object */ = {
			isa = PBXProject;
			attributes = {
				BuildIndependentTargetsInParallel = YES;
				LastUpgradeCheck = 1640;
			};
			buildConfigurationList = 02C7DB181DB44845BC7E6329 /* Build configuration list for PBXProject "DataStructures-Interview-Prep" */;
			buildSettings = {
			};
			buildStyles = (
				D8A33EF920D046A79403E1B7 /* Debug */,
				03BE65A1C06944D5865F7D9D /* Release */,
				29B660D1FE864B3096274429 /* MinSizeRel */,
				6D7BBC341C70427DA7A6422A /* RelWithDebInfo */,
			);
			compatibilityVersion = "Xcode 3.2";
			hasScannedForEncodings = 0;
			mainGroup = D510F28D20FF4239B2F76B05;
			projectDirPath = .;
			projectRoot = "";
			targets = (
				F1E482A5BD8FEAD1438E32DE /* ALL_BUILD */,
				29D74CC6A5952CA725C2DB98 /* ZERO_CHECK */,
				2F2AFC1346C72F48B53110EF /* test-LinkedList */,
			);
		};
/* End PBXProject section */

/* Begin PBXShellScriptBuildPhase section */
		13F6E312CDB9924285B3B4A1 /* Generate CMakeFiles/ALL_BUILD */ = {
			isa = PBXShellScriptBuildPhase;
			alwaysOutOfDate = 1;
			buildActionMask = 2147483647;
			files = (
			);
			inputPaths = (
			);
			name = "Generate CMakeFiles/ALL_BUILD";
			outputPaths = (
"/Users/mm/Code_Projects/DataStructures-Interview-Prep/DataStructures-Interview-Prep/CMakeFiles/ALL_BUILD"			);
			runOnlyForDeploymentPostprocessing = 0;
			shellPath = /bin/sh;
			shellScript = "set -e
if test \"$CONFIGURATION\" = \"Debug\"; then :
  cd /Users/mm/Code_Projects/DataStructures-Interview-Prep/DataStructures-Interview-Prep
  echo Build\\ all\\ projects
fi
if test \"$CONFIGURATION\" = \"Release\"; then :
  cd /Users/mm/Code_Projects/DataStructures-Interview-Prep/DataStructures-Interview-Prep
  echo Build\\ all\\ projects
fi
if test \"$CONFIGURATION\" = \"MinSizeRel\"; then :
  cd /Users/mm/Code_Projects/DataStructures-Interview-Prep/DataStructures-Interview-Prep
  echo Build\\ all\\ projects
fi
if test \"$CONFIGURATION\" = \"RelWithDebInfo\"; then :
  cd /Users/mm/Code_Projects/DataStructures-Interview-Prep/DataStructures-Interview-Prep
  echo Build\\ all\\ projects
fi
";
			showEnvVarsInLog = 0;
		};
		3C0110FC8322DE7E50886E21 = {
			isa = PBXShellScriptBuildPhase;
			buildActionMask = 2147483647;
			files = (
			);
			inputPaths = (
			);
			outputPaths = (
			);
			runOnlyForDeploymentPostprocessing = 0;
			shellPath = /bin/sh;
			shellScript = "# shell script goes here
exit 0";
			showEnvVarsInLog = 0;
		};
		5FFE6D4DA78331811A2A416E /* Generate CMakeFiles/ZERO_CHECK */ = {
			isa = PBXShellScriptBuildPhase;
			alwaysOutOfDate = 1;
			buildActionMask = 2147483647;
			files = (
			);
			inputPaths = (
			);
			name = "Generate CMakeFiles/ZERO_CHECK";
			outputPaths = (
"/Users/mm/Code_Projects/DataStructures-Interview-Prep/DataStructures-Interview-Prep/CMakeFiles/ZERO_CHECK"			);
			runOnlyForDeploymentPostprocessing = 0;
			shellPath = /bin/sh;
			shellScript = "set -e
if test \"$CONFIGURATION\" = \"Debug\"; then :
  cd /Users/mm/Code_Projects/DataStructures-Interview-Prep/DataStructures-Interview-Prep
  make -f /Users/mm/Code_Projects/DataStructures-Interview-Prep/DataStructures-Interview-Prep/CMakeScripts/ReRunCMake.make
fi
if test \"$CONFIGURATION\" = \"Release\"; then :
  cd /Users/mm/Code_Projects/DataStructures-Interview-Prep/DataStructures-Interview-Prep
  make -f /Users/mm/Code_Projects/DataStructures-Interview-Prep/DataStructures-Interview-Prep/CMakeScripts/ReRunCMake.make
fi
if test \"$CONFIGURATION\" = \"MinSizeRel\"; then :
  cd /Users/mm/Code_Projects/DataStructures-Interview-Prep/DataStructures-Interview-Prep
  make -f /Users/mm/Code_Projects/DataStructures-Interview-Prep/DataStructures-Interview-Prep/CMakeScripts/ReRunCMake.make
fi
if test \"$CONFIGURATION\" = \"RelWithDebInfo\"; then :
  cd /Users/mm/Code_Projects/DataStructures-Interview-Prep/DataStructures-Interview-Prep
  make -f /Users/mm/Code_Projects/DataStructures-Interview-Prep/DataStructures-Interview-Prep/CMakeScripts/ReRunCMake.make
fi
";
			showEnvVarsInLog = 0;
		};
		9B50530E35CC49C82C2FACCF = {
			isa = PBXShellScriptBuildPhase;
			buildActionMask = 2147483647;
			files = (
			);
			inputPaths = (
			);
			outputPaths = (
			);
			runOnlyForDeploymentPostprocessing = 0;
			shellPath = /bin/sh;
			shellScript = "# shell script goes here
exit 0";
			showEnvVarsInLog = 0;
		};
/* End PBXShellScriptBuildPhase section */

/* Begin PBXSourcesBuildPhase section */
		2AB81A753E964001B3D23BBD /* Sources */ = {
			isa = PBXSourcesBuildPhase;
			buildActionMask = 2147483647;
			files = (
				CA8957926C5B4623887E7921 /* /Users/mm/Code_Projects/DataStructures-Interview-Prep/DataStructures-Interview-Prep/Playground/test-LinkedList.cpp */,
				3341F4C5CE5341929DC77E1F /* /Users/mm/Code_Projects/DataStructures-Interview-Prep/DataStructures-Interview-Prep/src/linear/LinkedList/LinkedList.cpp */,
				F205D83C1ABC4BD6BD7AE790 /* /Users/mm/Code_Projects/DataStructures-Interview-Prep/DataStructures-Interview-Prep/src/linear/LinkedList/Node.cpp */,
			);
			runOnlyForDeploymentPostprocessing = 0;
		};
/* End PBXSourcesBuildPhase section */

/* Begin PBXTargetDependency section */
		5EDF7E960ABA41DD8B093F99 /* PBXTargetDependency */ = {
			isa = PBXTargetDependency;
			target = 29D74CC6A5952CA725C2DB98 /* ZERO_CHECK */;
			targetProxy = E610B0B1D15042E5B6139D4D /* PBXContainerItemProxy */;
		};
		ABC1D740A77746BAB06FA665 /* PBXTargetDependency */ = {
			isa = PBXTargetDependency;
			target = 2F2AFC1346C72F48B53110EF /* test-LinkedList */;
			targetProxy = 85C617EE736741B1ADB7D040 /* PBXContainerItemProxy */;
		};
		D229D77B632E4681A18BFE36 /* PBXTargetDependency */ = {
			isa = PBXTargetDependency;
			target = 29D74CC6A5952CA725C2DB98 /* ZERO_CHECK */;
			targetProxy = 268FC8A07E0847B0B211AC85 /* PBXContainerItemProxy */;
		};
/* End PBXTargetDependency section */

/* Begin XCBuildConfiguration section */
		003782C042444803BA9E2A85 /* RelWithDebInfo */ = {
			isa = XCBuildConfiguration;
			buildSettings = {
				ALWAYS_SEARCH_USER_PATHS = NO;
				ARCHS = arm64;
				COMBINE_HIDPI_IMAGES = YES;
				GCC_GENERATE_DEBUGGING_SYMBOLS = YES;
				GCC_INLINES_ARE_PRIVATE_EXTERN = NO;
				GCC_OPTIMIZATION_LEVEL = 0;
				GCC_PREPROCESSOR_DEFINITIONS = ("'CMAKE_INTDIR=\"$(CONFIGURATION)$(EFFECTIVE_PLATFORM_NAME)\"'","$(inherited)");
				GCC_SYMBOLS_PRIVATE_EXTERN = NO;
				INSTALL_PATH = "";
				ONLY_ACTIVE_ARCH = NO;
				OTHER_LDFLAGS = ("","$(inherited)");
				OTHER_REZFLAGS = "";
				PRODUCT_NAME = ZERO_CHECK;
				SECTORDER_FLAGS = "";
				USE_HEADERMAP = NO;
				WARNING_CFLAGS = ("$(inherited)");
			};
			name = RelWithDebInfo;
		};
		083EB3F7A592471C8DAE212F /* Debug */ = {
			isa = XCBuildConfiguration;
			buildSettings = {
				ALWAYS_SEARCH_USER_PATHS = NO;
				ARCHS = arm64;
				COMBINE_HIDPI_IMAGES = YES;
				CONFIGURATION_BUILD_DIR = "/Users/mm/Code_Projects/DataStructures-Interview-Prep/DataStructures-Interview-Prep/Debug";
				EXECUTABLE_PREFIX = "";
				EXECUTABLE_SUFFIX = "";
				GCC_GENERATE_DEBUGGING_SYMBOLS = YES;
				GCC_INLINES_ARE_PRIVATE_EXTERN = NO;
				GCC_OPTIMIZATION_LEVEL = 0;
				GCC_PREPROCESSOR_DEFINITIONS = ("'CMAKE_INTDIR=\"$(CONFIGURATION)$(EFFECTIVE_PLATFORM_NAME)\"'","$(inherited)");
				GCC_SYMBOLS_PRIVATE_EXTERN = NO;
				HEADER_SEARCH_PATHS = ("/Users/mm/Code_Projects/DataStructures-Interview-Prep/DataStructures-Interview-Prep/src","/Users/mm/Code_Projects/DataStructures-Interview-Prep/DataStructures-Interview-Prep/src/linear/LinkedList","/Users/mm/Code_Projects/DataStructures-Interview-Prep/DataStructures-Interview-Prep/src/hashing","$(inherited)");
				INSTALL_PATH = "";
				ONLY_ACTIVE_ARCH = NO;
				OTHER_CPLUSPLUSFLAGS = "      '-std=gnu++17' ";
				OTHER_LDFLAGS = (" -Wl,-search_paths_first -Wl,-headerpad_max_install_names","$(inherited)");
				OTHER_REZFLAGS = "";
				PRODUCT_NAME = "test-LinkedList";
				SECTORDER_FLAGS = "";
				TARGET_TEMP_DIR = "/Users/mm/Code_Projects/DataStructures-Interview-Prep/DataStructures-Interview-Prep/build/test-LinkedList.build/$(CONFIGURATION)$(EFFECTIVE_PLATFORM_NAME)";
				USE_HEADERMAP = NO;
				WARNING_CFLAGS = ("$(inherited)");
			};
			name = Debug;
		};
		0BD26E8BDBF54B138C64BBED /* RelWithDebInfo */ = {
			isa = XCBuildConfiguration;
			buildSettings = {
				ALWAYS_SEARCH_USER_PATHS = NO;
				ARCHS = arm64;
				COMBINE_HIDPI_IMAGES = YES;
				CONFIGURATION_BUILD_DIR = "/Users/mm/Code_Projects/DataStructures-Interview-Prep/DataStructures-Interview-Prep/RelWithDebInfo";
				EXECUTABLE_PREFIX = "";
				EXECUTABLE_SUFFIX = "";
				GCC_GENERATE_DEBUGGING_SYMBOLS = YES;
				GCC_INLINES_ARE_PRIVATE_EXTERN = NO;
				GCC_OPTIMIZATION_LEVEL = 2;
				GCC_PREPROCESSOR_DEFINITIONS = ("'CMAKE_INTDIR=\"$(CONFIGURATION)$(EFFECTIVE_PLATFORM_NAME)\"'","$(inherited)");
				GCC_SYMBOLS_PRIVATE_EXTERN = NO;
				HEADER_SEARCH_PATHS = ("/Users/mm/Code_Projects/DataStructures-Interview-Prep/DataStructures-Interview-Prep/src","/Users/mm/Code_Projects/DataStructures-Interview-Prep/DataStructures-Interview-Prep/src/linear/LinkedList","/Users/mm/Code_Projects/DataStructures-Interview-Prep/DataStructures-Interview-Prep/src/hashing","$(inherited)");
				INSTALL_PATH = "";
				ONLY_ACTIVE_ARCH = NO;
				OTHER_CPLUSPLUSFLAGS = "       -DNDEBUG '-std=gnu++17' ";
				OTHER_LDFLAGS = (" -Wl,-search_paths_first -Wl,-headerpad_max_install_names","$(inherited)");
				OTHER_REZFLAGS = "";
				PRODUCT_NAME = "test-LinkedList";
				SECTORDER_FLAGS = "";
				TARGET_TEMP_DIR = "/Users/mm/Code_Projects/DataStructures-Interview-Prep/DataStructures-Interview-Prep/build/test-LinkedList.build/$(CONFIGURATION)$(EFFECTIVE_PLATFORM_NAME)";
				USE_HEADERMAP = NO;
				WARNING_CFLAGS = ("$(inherited)");
			};
			name = RelWithDebInfo;
		};
		11CF2EA689B846B6B335AE7C /* Release */ = {
			isa = XCBuildConfiguration;
			buildSettings = {
				ARCHS = arm64;
				SDKROOT = /Applications/Xcode.app/Contents/Developer/Platforms/MacOSX.platform/Developer/SDKs/MacOSX15.5.sdk;
				SWIFT_COMPILATION_MODE = wholemodule;
				SYMROOT = "/Users/mm/Code_Projects/DataStructures-Interview-Prep/DataStructures-Interview-Prep/build";
			};
			name = Release;
		};
		129904765E494695A3DD3A20 /* MinSizeRel */ = {
			isa = XCBuildConfiguration;
			buildSettings = {
				ALWAYS_SEARCH_USER_PATHS = NO;
				ARCHS = arm64;
				COMBINE_HIDPI_IMAGES = YES;
				GCC_GENERATE_DEBUGGING_SYMBOLS = YES;
				GCC_INLINES_ARE_PRIVATE_EXTERN = NO;
				GCC_OPTIMIZATION_LEVEL = 0;
				GCC_PREPROCESSOR_DEFINITIONS = ("'CMAKE_INTDIR=\"$(CONFIGURATION)$(EFFECTIVE_PLATFORM_NAME)\"'","$(inherited)");
				GCC_SYMBOLS_PRIVATE_EXTERN = NO;
				INSTALL_PATH = "";
				ONLY_ACTIVE_ARCH = NO;
				OTHER_LDFLAGS = ("","$(inherited)");
				OTHER_REZFLAGS = "";
				PRODUCT_NAME = ZERO_CHECK;
				SECTORDER_FLAGS = "";
				USE_HEADERMAP = NO;
				WARNING_CFLAGS = ("$(inherited)");
			};
			name = MinSizeRel;
		};
		3D7A0275D0E04D61B0D39B68 /* Release */ = {
			isa = XCBuildConfiguration;
			buildSettings = {
				ALWAYS_SEARCH_USER_PATHS = NO;
				ARCHS = arm64;
				COMBINE_HIDPI_IMAGES = YES;
				CONFIGURATION_BUILD_DIR = "/Users/mm/Code_Projects/DataStructures-Interview-Prep/DataStructures-Interview-Prep/Release";
				EXECUTABLE_PREFIX = "";
				EXECUTABLE_SUFFIX = "";
				GCC_GENERATE_DEBUGGING_SYMBOLS = NO;
				GCC_INLINES_ARE_PRIVATE_EXTERN = NO;
				GCC_OPTIMIZATION_LEVEL = 3;
				GCC_PREPROCESSOR_DEFINITIONS = ("'CMAKE_INTDIR=\"$(CONFIGURATION)$(EFFECTIVE_PLATFORM_NAME)\"'","$(inherited)");
				GCC_SYMBOLS_PRIVATE_EXTERN = NO;
				HEADER_SEARCH_PATHS = ("/Users/mm/Code_Projects/DataStructures-Interview-Prep/DataStructures-Interview-Prep/src","/Users/mm/Code_Projects/DataStructures-Interview-Prep/DataStructures-Interview-Prep/src/linear/LinkedList","/Users/mm/Code_Projects/DataStructures-Interview-Prep/DataStructures-Interview-Prep/src/hashing","$(inherited)");
				INSTALL_PATH = "";
				ONLY_ACTIVE_ARCH = NO;
				OTHER_CPLUSPLUSFLAGS = "    -DNDEBUG '-std=gnu++17' ";
				OTHER_LDFLAGS = (" -Wl,-search_paths_first -Wl,-headerpad_max_install_names","$(inherited)");
				OTHER_REZFLAGS = "";
				PRODUCT_NAME = "test-LinkedList";
				SECTORDER_FLAGS = "";
				TARGET_TEMP_DIR = "/Users/mm/Code_Projects/DataStructures-Interview-Prep/DataStructures-Interview-Prep/build/test-LinkedList.build/$(CONFIGURATION)$(EFFECTIVE_PLATFORM_NAME)";
				USE_HEADERMAP = NO;
				WARNING_CFLAGS = ("$(inherited)");
			};
			name = Release;
		};
		4B500ACFD69D408E9EA0FF67 /* Debug */ = {
			isa = XCBuildConfiguration;
			buildSettings = {
				ARCHS = arm64;
				SDKROOT = /Applications/Xcode.app/Contents/Developer/Platforms/MacOSX.platform/Developer/SDKs/MacOSX15.5.sdk;
				SYMROOT = "/Users/mm/Code_Projects/DataStructures-Interview-Prep/DataStructures-Interview-Prep/build";
			};
			name = Debug;
		};
		541B4D60C3C647F08C1E3385 /* RelWithDebInfo */ = {
			isa = XCBuildConfiguration;
			buildSettings = {
				ALWAYS_SEARCH_USER_PATHS = NO;
				ARCHS = arm64;
				COMBINE_HIDPI_IMAGES = YES;
				GCC_GENERATE_DEBUGGING_SYMBOLS = YES;
				GCC_INLINES_ARE_PRIVATE_EXTERN = NO;
				GCC_OPTIMIZATION_LEVEL = 0;
				GCC_PREPROCESSOR_DEFINITIONS = ("'CMAKE_INTDIR=\"$(CONFIGURATION)$(EFFECTIVE_PLATFORM_NAME)\"'","$(inherited)");
				GCC_SYMBOLS_PRIVATE_EXTERN = NO;
				INSTALL_PATH = "";
				ONLY_ACTIVE_ARCH = NO;
				OTHER_LDFLAGS = ("","$(inherited)");
				OTHER_REZFLAGS = "";
				PRODUCT_NAME = ALL_BUILD;
				SECTORDER_FLAGS = "";
				USE_HEADERMAP = NO;
				WARNING_CFLAGS = ("$(inherited)");
			};
			name = RelWithDebInfo;
		};
		73A4439D4CAB4ED3AF46C5C1 /* Release */ = {
			isa = XCBuildConfiguration;
			buildSettings = {
				ALWAYS_SEARCH_USER_PATHS = NO;
				ARCHS = arm64;
				COMBINE_HIDPI_IMAGES = YES;
				GCC_GENERATE_DEBUGGING_SYMBOLS = YES;
				GCC_INLINES_ARE_PRIVATE_EXTERN = NO;
				GCC_OPTIMIZATION_LEVEL = 0;
				GCC_PREPROCESSOR_DEFINITIONS = ("'CMAKE_INTDIR=\"$(CONFIGURATION)$(EFFECTIVE_PLATFORM_NAME)\"'","$(inherited)");
				GCC_SYMBOLS_PRIVATE_EXTERN = NO;
				INSTALL_PATH = "";
				ONLY_ACTIVE_ARCH = NO;
				OTHER_LDFLAGS = ("","$(inherited)");
				OTHER_REZFLAGS = "";
				PRODUCT_NAME = ALL_BUILD;
				SECTORDER_FLAGS = "";
				USE_HEADERMAP = NO;
				WARNING_CFLAGS = ("$(inherited)");
			};
			name = Release;
		};
		85E74619DDE54681A62566BC /* MinSizeRel */ = {
			isa = XCBuildConfiguration;
			buildSettings = {
				ALWAYS_SEARCH_USER_PATHS = NO;
				ARCHS = arm64;
				COMBINE_HIDPI_IMAGES = YES;
				CONFIGURATION_BUILD_DIR = "/Users/mm/Code_Projects/DataStructures-Interview-Prep/DataStructures-Interview-Prep/MinSizeRel";
				EXECUTABLE_PREFIX = "";
				EXECUTABLE_SUFFIX = "";
				GCC_GENERATE_DEBUGGING_SYMBOLS = NO;
				GCC_INLINES_ARE_PRIVATE_EXTERN = NO;
				GCC_OPTIMIZATION_LEVEL = s;
				GCC_PREPROCESSOR_DEFINITIONS = ("'CMAKE_INTDIR=\"$(CONFIGURATION)$(EFFECTIVE_PLATFORM_NAME)\"'","$(inherited)");
				GCC_SYMBOLS_PRIVATE_EXTERN = NO;
				HEADER_SEARCH_PATHS = ("/Users/mm/Code_Projects/DataStructures-Interview-Prep/DataStructures-Interview-Prep/src","/Users/mm/Code_Projects/DataStructures-Interview-Prep/DataStructures-Interview-Prep/src/linear/LinkedList","/Users/mm/Code_Projects/DataStructures-Interview-Prep/DataStructures-Interview-Prep/src/hashing","$(inherited)");
				INSTALL_PATH = "";
				ONLY_ACTIVE_ARCH = NO;
				OTHER_CPLUSPLUSFLAGS = "    -DNDEBUG '-std=gnu++17' ";
				OTHER_LDFLAGS = (" -Wl,-search_paths_first -Wl,-headerpad_max_install_names","$(inherited)");
				OTHER_REZFLAGS = "";
				PRODUCT_NAME = "test-LinkedList";
				SECTORDER_FLAGS = "";
				TARGET_TEMP_DIR = "/Users/mm/Code_Projects/DataStructures-Interview-Prep/DataStructures-Interview-Prep/build/test-LinkedList.build/$(CONFIGURATION)$(EFFECTIVE_PLATFORM_NAME)";
				USE_HEADERMAP = NO;
				WARNING_CFLAGS = ("$(inherited)");
			};
			name = MinSizeRel;
		};
		90793D7B91E9407991EF6955 /* Debug */ = {
			isa = XCBuildConfiguration;
			buildSettings = {
				ALWAYS_SEARCH_USER_PATHS = NO;
				ARCHS = arm64;
				COMBINE_HIDPI_IMAGES = YES;
				GCC_GENERATE_DEBUGGING_SYMBOLS = YES;
				GCC_INLINES_ARE_PRIVATE_EXTERN = NO;
				GCC_OPTIMIZATION_LEVEL = 0;
				GCC_PREPROCESSOR_DEFINITIONS = ("'CMAKE_INTDIR=\"$(CONFIGURATION)$(EFFECTIVE_PLATFORM_NAME)\"'","$(inherited)");
				GCC_SYMBOLS_PRIVATE_EXTERN = NO;
				INSTALL_PATH = "";
				ONLY_ACTIVE_ARCH = NO;
				OTHER_LDFLAGS = ("","$(inherited)");
				OTHER_REZFLAGS = "";
				PRODUCT_NAME = ZERO_CHECK;
				SECTORDER_FLAGS = "";
				USE_HEADERMAP = NO;
				WARNING_CFLAGS = ("$(inherited)");
			};
			name = Debug;
		};
		9DB790894A624F7A9B518C9B /* MinSizeRel */ = {
			isa = XCBuildConfiguration;
			buildSettings = {
				ARCHS = arm64;
				SDKROOT = /Applications/Xcode.app/Contents/Developer/Platforms/MacOSX.platform/Developer/SDKs/MacOSX15.5.sdk;
				SWIFT_COMPILATION_MODE = wholemodule;
				SYMROOT = "/Users/mm/Code_Projects/DataStructures-Interview-Prep/DataStructures-Interview-Prep/build";
			};
			name = MinSizeRel;
		};
		9EB66075CC674F4A9348B8F1 /* Debug */ = {
			isa = XCBuildConfiguration;
			buildSettings = {
				ALWAYS_SEARCH_USER_PATHS = NO;
				ARCHS = arm64;
				COMBINE_HIDPI_IMAGES = YES;
				GCC_GENERATE_DEBUGGING_SYMBOLS = YES;
				GCC_INLINES_ARE_PRIVATE_EXTERN = NO;
				GCC_OPTIMIZATION_LEVEL = 0;
				GCC_PREPROCESSOR_DEFINITIONS = ("'CMAKE_INTDIR=\"$(CONFIGURATION)$(EFFECTIVE_PLATFORM_NAME)\"'","$(inherited)");
				GCC_SYMBOLS_PRIVATE_EXTERN = NO;
				INSTALL_PATH = "";
				ONLY_ACTIVE_ARCH = NO;
				OTHER_LDFLAGS = ("","$(inherited)");
				OTHER_REZFLAGS = "";
				PRODUCT_NAME = ALL_BUILD;
				SECTORDER_FLAGS = "";
				USE_HEADERMAP = NO;
				WARNING_CFLAGS = ("$(inherited)");
			};
			name = Debug;
		};
		A8E81B8E465B4B2AA77F275D /* MinSizeRel */ = {
			isa = XCBuildConfiguration;
			buildSettings = {
				ALWAYS_SEARCH_USER_PATHS = NO;
				ARCHS = arm64;
				COMBINE_HIDPI_IMAGES = YES;
				GCC_GENERATE_DEBUGGING_SYMBOLS = YES;
				GCC_INLINES_ARE_PRIVATE_EXTERN = NO;
				GCC_OPTIMIZATION_LEVEL = 0;
				GCC_PREPROCESSOR_DEFINITIONS = ("'CMAKE_INTDIR=\"$(CONFIGURATION)$(EFFECTIVE_PLATFORM_NAME)\"'","$(inherited)");
				GCC_SYMBOLS_PRIVATE_EXTERN = NO;
				INSTALL_PATH = "";
				ONLY_ACTIVE_ARCH = NO;
				OTHER_LDFLAGS = ("","$(inherited)");
				OTHER_REZFLAGS = "";
				PRODUCT_NAME = ALL_BUILD;
				SECTORDER_FLAGS = "";
				USE_HEADERMAP = NO;
				WARNING_CFLAGS = ("$(inherited)");
			};
			name = MinSizeRel;
		};
		CB70F4E8614C4256A1DD31AC /* RelWithDebInfo */ = {
			isa = XCBuildConfiguration;
			buildSettings = {
				ARCHS = arm64;
				SDKROOT = /Applications/Xcode.app/Contents/Developer/Platforms/MacOSX.platform/Developer/SDKs/MacOSX15.5.sdk;
				SWIFT_COMPILATION_MODE = wholemodule;
				SYMROOT = "/Users/mm/Code_Projects/DataStructures-Interview-Prep/DataStructures-Interview-Prep/build";
			};
			name = RelWithDebInfo;
		};
		E5959A6ED9F344849919A61C /* Release */ = {
			isa = XCBuildConfiguration;
			buildSettings = {
				ALWAYS_SEARCH_USER_PATHS = NO;
				ARCHS = arm64;
				COMBINE_HIDPI_IMAGES = YES;
				GCC_GENERATE_DEBUGGING_SYMBOLS = YES;
				GCC_INLINES_ARE_PRIVATE_EXTERN = NO;
				GCC_OPTIMIZATION_LEVEL = 0;
				GCC_PREPROCESSOR_DEFINITIONS = ("'CMAKE_INTDIR=\"$(CONFIGURATION)$(EFFECTIVE_PLATFORM_NAME)\"'","$(inherited)");
				GCC_SYMBOLS_PRIVATE_EXTERN = NO;
				INSTALL_PATH = "";
				ONLY_ACTIVE_ARCH = NO;
				OTHER_LDFLAGS = ("","$(inherited)");
				OTHER_REZFLAGS = "";
				PRODUCT_NAME = ZERO_CHECK;
				SECTORDER_FLAGS = "";
				USE_HEADERMAP = NO;
				WARNING_CFLAGS = ("$(inherited)");
			};
			name = Release;
		};
/* End XCBuildConfiguration section */

/* Begin XCConfigurationList section */
		02C7DB181DB44845BC7E6329 /* Build configuration list for PBXProject "DataStructures-Interview-Prep" */ = {
			isa = XCConfigurationList;
			buildConfigurations = (
				4B500ACFD69D408E9EA0FF67 /* Debug */,
				11CF2EA689B846B6B335AE7C /* Release */,
				9DB790894A624F7A9B518C9B /* MinSizeRel */,
				CB70F4E8614C4256A1DD31AC /* RelWithDebInfo */,
			);
			defaultConfigurationIsVisible = 0;
			defaultConfigurationName = Debug;
		};
		28981820A0994F43AF3837C9 /* Build configuration list for PBXAggregateTarget "ZERO_CHECK" */ = {
			isa = XCConfigurationList;
			buildConfigurations = (
				90793D7B91E9407991EF6955 /* Debug */,
				E5959A6ED9F344849919A61C /* Release */,
				129904765E494695A3DD3A20 /* MinSizeRel */,
				003782C042444803BA9E2A85 /* RelWithDebInfo */,
			);
			defaultConfigurationIsVisible = 0;
			defaultConfigurationName = Debug;
		};
		6BD844A9F08E4857BEDEA1B8 /* Build configuration list for PBXAggregateTarget "ALL_BUILD" */ = {
			isa = XCConfigurationList;
			buildConfigurations = (
				9EB66075CC674F4A9348B8F1 /* Debug */,
				73A4439D4CAB4ED3AF46C5C1 /* Release */,
				A8E81B8E465B4B2AA77F275D /* MinSizeRel */,
				541B4D60C3C647F08C1E3385 /* RelWithDebInfo */,
			);
			defaultConfigurationIsVisible = 0;
			defaultConfigurationName = Debug;
		};
		C9CD5B30790D42D08388DDF6 /* Build configuration list for PBXNativeTarget "test-LinkedList" */ = {
			isa = XCConfigurationList;
			buildConfigurations = (
				083EB3F7A592471C8DAE212F /* Debug */,
				3D7A0275D0E04D61B0D39B68 /* Release */,
				85E74619DDE54681A62566BC /* MinSizeRel */,
				0BD26E8BDBF54B138C64BBED /* RelWithDebInfo */,
			);
			defaultConfigurationIsVisible = 0;
			defaultConfigurationName = Debug;
		};
/* End XCConfigurationList section */
	};
	rootObject = D36F0251DB92490EA396FFFE /* Project object */;
}
